
Microsoft Visual Studio Solution File, Format Version 12.00
# Visual Studio Version 16
VisualStudioVersion = 16.0.29709.97
MinimumVisualStudioVersion = 10.0.40219.1
Project("{FAE04EC0-301F-11D3-BF4B-00C04F79EFBC}") = "LAB_4.2_Movies", "LAB_4.2_Movies.csproj", "{8CC34724-A82D-4771-869B-9AD3B4D42A72}"
EndProject
Global
	GlobalSection(SolutionConfigurationPlatforms) = preSolution
		Debug|Any CPU = Debug|Any CPU
		Release|Any CPU = Release|Any CPU
	EndGlobalSection
	GlobalSection(ProjectConfigurationPlatforms) = postSolution
		{8CC34724-A82D-4771-869B-9AD3B4D42A72}.Debug|Any CPU.ActiveCfg = Debug|Any CPU
		{8CC34724-A82D-4771-869B-9AD3B4D42A72}.Debug|Any CPU.Build.0 = Debug|Any CPU
		{8CC34724-A82D-4771-869B-9AD3B4D42A72}.Release|Any CPU.ActiveCfg = Release|Any CPU
		{8CC34724-A82D-4771-869B-9AD3B4D42A72}.Release|Any CPU.Build.0 = Release|Any CPU
	EndGlobalSection
	GlobalSection(SolutionProperties) = preSolution
		HideSolutionNode = FALSE
	EndGlobalSection
	GlobalSection(ExtensibilityGlobals) = postSolution
		SolutionGuid = {E649512D-B841-4A1D-AF49-2A411CBEBD51}
	EndGlobalSection
EndGlobal
