
Microsoft Visual Studio Solution File, Format Version 12.00
# Visual Studio Version 16
VisualStudioVersion = 16.0.29709.97
MinimumVisualStudioVersion = 10.0.40219.1
Project("{FAE04EC0-301F-11D3-BF4B-00C04F79EFBC}") = "Lab_2.3_ValidatingWithRegex", "Lab_2.3_ValidatingWithRegex.csproj", "{0D4F1D1F-7720-42B4-978C-D2F2BC08BF60}"
EndProject
Global
	GlobalSection(SolutionConfigurationPlatforms) = preSolution
		Debug|Any CPU = Debug|Any CPU
		Release|Any CPU = Release|Any CPU
	EndGlobalSection
	GlobalSection(ProjectConfigurationPlatforms) = postSolution
		{0D4F1D1F-7720-42B4-978C-D2F2BC08BF60}.Debug|Any CPU.ActiveCfg = Debug|Any CPU
		{0D4F1D1F-7720-42B4-978C-D2F2BC08BF60}.Debug|Any CPU.Build.0 = Debug|Any CPU
		{0D4F1D1F-7720-42B4-978C-D2F2BC08BF60}.Release|Any CPU.ActiveCfg = Release|Any CPU
		{0D4F1D1F-7720-42B4-978C-D2F2BC08BF60}.Release|Any CPU.Build.0 = Release|Any CPU
	EndGlobalSection
	GlobalSection(SolutionProperties) = preSolution
		HideSolutionNode = FALSE
	EndGlobalSection
	GlobalSection(ExtensibilityGlobals) = postSolution
		SolutionGuid = {A33A4C3E-0861-4C04-A9DA-752C510BBC72}
	EndGlobalSection
EndGlobal
