
Microsoft Visual Studio Solution File, Format Version 12.00
# Visual Studio Version 16
VisualStudioVersion = 16.0.29709.97
MinimumVisualStudioVersion = 10.0.40219.1
Project("{FAE04EC0-301F-11D3-BF4B-00C04F79EFBC}") = "LAB_4.Bonus_PigLatin", "LAB_4.Bonus_PigLatin.csproj", "{3668C2A7-7529-4D0B-895C-DF6BBBAE85F6}"
EndProject
Global
	GlobalSection(SolutionConfigurationPlatforms) = preSolution
		Debug|Any CPU = Debug|Any CPU
		Release|Any CPU = Release|Any CPU
	EndGlobalSection
	GlobalSection(ProjectConfigurationPlatforms) = postSolution
		{3668C2A7-7529-4D0B-895C-DF6BBBAE85F6}.Debug|Any CPU.ActiveCfg = Debug|Any CPU
		{3668C2A7-7529-4D0B-895C-DF6BBBAE85F6}.Debug|Any CPU.Build.0 = Debug|Any CPU
		{3668C2A7-7529-4D0B-895C-DF6BBBAE85F6}.Release|Any CPU.ActiveCfg = Release|Any CPU
		{3668C2A7-7529-4D0B-895C-DF6BBBAE85F6}.Release|Any CPU.Build.0 = Release|Any CPU
	EndGlobalSection
	GlobalSection(SolutionProperties) = preSolution
		HideSolutionNode = FALSE
	EndGlobalSection
	GlobalSection(ExtensibilityGlobals) = postSolution
		SolutionGuid = {FA7F2FAF-9125-4142-B8BF-BC092F8BBF04}
	EndGlobalSection
EndGlobal
