
Microsoft Visual Studio Solution File, Format Version 12.00
# Visual Studio Version 16
VisualStudioVersion = 16.0.29709.97
MinimumVisualStudioVersion = 10.0.40219.1
Project("{FAE04EC0-301F-11D3-BF4B-00C04F79EFBC}") = "LAB_5.3_UCL", "LAB_5.3_UCL.csproj", "{0D58DEDC-BC54-4B4F-BD75-32F9B02B227B}"
EndProject
Global
	GlobalSection(SolutionConfigurationPlatforms) = preSolution
		Debug|Any CPU = Debug|Any CPU
		Release|Any CPU = Release|Any CPU
	EndGlobalSection
	GlobalSection(ProjectConfigurationPlatforms) = postSolution
		{0D58DEDC-BC54-4B4F-BD75-32F9B02B227B}.Debug|Any CPU.ActiveCfg = Debug|Any CPU
		{0D58DEDC-BC54-4B4F-BD75-32F9B02B227B}.Debug|Any CPU.Build.0 = Debug|Any CPU
		{0D58DEDC-BC54-4B4F-BD75-32F9B02B227B}.Release|Any CPU.ActiveCfg = Release|Any CPU
		{0D58DEDC-BC54-4B4F-BD75-32F9B02B227B}.Release|Any CPU.Build.0 = Release|Any CPU
	EndGlobalSection
	GlobalSection(SolutionProperties) = preSolution
		HideSolutionNode = FALSE
	EndGlobalSection
	GlobalSection(ExtensibilityGlobals) = postSolution
		SolutionGuid = {D0098DD7-03E2-47FE-99AA-930C4FDDF80D}
	EndGlobalSection
EndGlobal
